Microsoft Visual Studio Solution File, Format Version 12.00
# Visual Studio Version 17
VisualStudioVersion = 17.5.2.0
MinimumVisualStudioVersion = 10.0.40219.1
Project("{FAE04EC0-301F-11D3-BF4B-00C04F79EFBC}") = "Tarius", "Tarius.csproj", "{CA5700B5-B8AF-E427-31CD-CC1609AB602D}"
EndProject
Global
	GlobalSection(SolutionConfigurationPlatforms) = preSolution
		Debug|Any CPU = Debug|Any CPU
		Release|Any CPU = Release|Any CPU
	EndGlobalSection
	GlobalSection(ProjectConfigurationPlatforms) = postSolution
		{CA5700B5-B8AF-E427-31CD-CC1609AB602D}.Debug|Any CPU.ActiveCfg = Debug|Any CPU
		{CA5700B5-B8AF-E427-31CD-CC1609AB602D}.Debug|Any CPU.Build.0 = Debug|Any CPU
		{CA5700B5-B8AF-E427-31CD-CC1609AB602D}.Release|Any CPU.ActiveCfg = Release|Any CPU
		{CA5700B5-B8AF-E427-31CD-CC1609AB602D}.Release|Any CPU.Build.0 = Release|Any CPU
	EndGlobalSection
	GlobalSection(SolutionProperties) = preSolution
		HideSolutionNode = FALSE
	EndGlobalSection
	GlobalSection(ExtensibilityGlobals) = postSolution
		SolutionGuid = {39C33B12-1BA7-4F8F-8760-43EEB6ABEE08}
	EndGlobalSection
EndGlobal
